
Microsoft Visual Studio Solution File, Format Version 12.00
# Visual Studio Version 17
VisualStudioVersion = 17.8.34330.188
MinimumVisualStudioVersion = 10.0.40219.1
Project("{FAE04EC0-301F-11D3-BF4B-00C04F79EFBC}") = "HesapMakDeneme", "HesapMakDeneme\HesapMakDeneme.csproj", "{A6F3AB20-A70A-499E-B127-887D0DBCC302}"
EndProject
Global
	GlobalSection(SolutionConfigurationPlatforms) = preSolution
		Debug|Any CPU = Debug|Any CPU
		Release|Any CPU = Release|Any CPU
	EndGlobalSection
	GlobalSection(ProjectConfigurationPlatforms) = postSolution
		{A6F3AB20-A70A-499E-B127-887D0DBCC302}.Debug|Any CPU.ActiveCfg = Debug|Any CPU
		{A6F3AB20-A70A-499E-B127-887D0DBCC302}.Debug|Any CPU.Build.0 = Debug|Any CPU
		{A6F3AB20-A70A-499E-B127-887D0DBCC302}.Release|Any CPU.ActiveCfg = Release|Any CPU
		{A6F3AB20-A70A-499E-B127-887D0DBCC302}.Release|Any CPU.Build.0 = Release|Any CPU
	EndGlobalSection
	GlobalSection(SolutionProperties) = preSolution
		HideSolutionNode = FALSE
	EndGlobalSection
	GlobalSection(ExtensibilityGlobals) = postSolution
		SolutionGuid = {170B8759-A2DD-4E75-8A37-57F0AFE90955}
	EndGlobalSection
EndGlobal
